
Microsoft Visual Studio Solution File, Format Version 12.00
# Visual Studio Version 17
VisualStudioVersion = 17.9.34714.143
MinimumVisualStudioVersion = 10.0.40219.1
Project("{FAE04EC0-301F-11D3-BF4B-00C04F79EFBC}") = "ConvertendoMoeda", "ConvertendoMoeda\ConvertendoMoeda.csproj", "{9006B5AB-F750-4EBE-9FD5-7274801F1AC1}"
EndProject
Global
	GlobalSection(SolutionConfigurationPlatforms) = preSolution
		Debug|Any CPU = Debug|Any CPU
		Release|Any CPU = Release|Any CPU
	EndGlobalSection
	GlobalSection(ProjectConfigurationPlatforms) = postSolution
		{9006B5AB-F750-4EBE-9FD5-7274801F1AC1}.Debug|Any CPU.ActiveCfg = Debug|Any CPU
		{9006B5AB-F750-4EBE-9FD5-7274801F1AC1}.Debug|Any CPU.Build.0 = Debug|Any CPU
		{9006B5AB-F750-4EBE-9FD5-7274801F1AC1}.Release|Any CPU.ActiveCfg = Release|Any CPU
		{9006B5AB-F750-4EBE-9FD5-7274801F1AC1}.Release|Any CPU.Build.0 = Release|Any CPU
	EndGlobalSection
	GlobalSection(SolutionProperties) = preSolution
		HideSolutionNode = FALSE
	EndGlobalSection
	GlobalSection(ExtensibilityGlobals) = postSolution
		SolutionGuid = {C8192026-8E0C-48B2-BFAD-0C74CD9B2154}
	EndGlobalSection
EndGlobal
